{
    "_meta": {
        "hash": {
            "sha256": "9c94f16f8181678c90cab02d6ce80e566d5e1afebd2d872233b4265ada7e576f"
        },
        "pipfile-spec": 6,
        "requires": {
            "python_version": "3.7"
        },
        "sources": [
            {
                "name": "pypi",
                "url": "https://pypi.org/simple",
                "verify_ssl": true
            }
        ]
    },
    "default": {
        "asgiref": {
            "hashes": [
                "sha256:8036f90603c54e93521e5777b2b9a39ba1bad05773fcf2d208f0299d1df58ce5",
                "sha256:9ca8b952a0a9afa61d30aa6d3d9b570bb3fd6bafcf7ec9e6bed43b936133db1c"
            ],
            "version": "==3.2.7"
        },
        "bokeh": {
            "hashes": [
                "sha256:c60d38a41a777b8147ee4134e6142cea8026b5eebf48149e370c44689869dce7"
            ],
            "index": "pypi",
            "version": "==1.4.0"
        },
        "brotli": {
            "hashes": [
                "sha256:0538dc1744fd17c314d2adc409ea7d1b779783b89fd95bcfb0c2acc93a6ea5a7",
                "sha256:0970a47f471782912d7705160b2b0a9306e68e6fadf9cffcaeb42d8f0951e26c",
                "sha256:113f51658e6fe548dce4b3749f6ef6c24de4184ba9c10a909cbee4261c2a5da0",
                "sha256:1e1aa9c4d1558889f42749c8baf846007953bfd32c8209230cf1cd1f5ef33495",
                "sha256:2f2f4f78f29ac4a45d15b3d9fc3fd9705e0ad313a44b129f6e1d0c6916bad0e2",
                "sha256:3269f6de1dd150fd0cce1c158b61ff5ac06d627fd3ae9c6ea03aed26fbbff7ea",
                "sha256:3f4a1f6240916c7984c7f2542786710f622992508dafee0b1714e6d340fb9ffd",
                "sha256:50dd9ad2a2bb12da4e9002a438672d182f98e546e99952de80280a1e1729664f",
                "sha256:5519a4b01b1a4f965083cbfa2ef2b9774c5a5f352341c47b50776ad109423d72",
                "sha256:5eb27722d320370315971c427eb8aa7cc0791f2a458840d357ac653bd0ad3a14",
                "sha256:5f06b4d5b6f58e5b5c220c2f23cad034dc5efa51b01fde2351ced1605bd980e2",
                "sha256:71ceee286ea7ec613f1c36f1c6181864a6ca24ebb55e371276f33d6af8742834",
                "sha256:72848d25a5f9e736db4af4512e0c3feecc094d57d241f8f1ae959115a2c39756",
                "sha256:743001bca75f4a6b4454be3510feca46f9d61a0c782a9bc2bc684bdb245e279e",
                "sha256:7ac98c71a15648fd11bc1f32608b6110e396121280790082e32b9a3109048bc6",
                "sha256:9d1c2dd27a1083fefd05b1b2f8df4a6bc2aaa6c21dd82cd41c8ae5e7c23a87f8",
                "sha256:a13ce9b419fe9f277c63f700efb0e444331509d1881b5610d2ba7e9080606967",
                "sha256:a19ef0952b9d2803df88dff07f45a6c92d5676afb9b8d69cf32232d684036d11",
                "sha256:ad766ca8b8c1419b71a22756b45264f45725c86133dc80a7cbe30b6b78c75620",
                "sha256:ad7963f261988ee0883816b6b9f206f11461c9b3cb5cfbca0c9ab5adc406d395",
                "sha256:af0451e23016631a2f52925a10d738ac4a0f794ac315c30380b22efc0c90cbc6",
                "sha256:c16201060c5a3f8742e3deae759014251ac92f382f82bc2a41dc079ff18c3f24",
                "sha256:c43b202f65891861a9a336984a103de25de235f756de69e32db893156f767013",
                "sha256:c675c6cce4295cb1a692f3de7416aacace7314e064b94bc86e93aceefce7fd3e",
                "sha256:d17cec0b992b1434f5f9df9986563605a4d1b1acd5574c87fc2ac014bcbd3316",
                "sha256:dc91f6129953861a73d9a65c52a8dd682b561a9ebaf65283541645cab6489917",
                "sha256:e2f4cbd1760d2bf2f30e396c2301999aab0191aec031a6a8a04950b2f575a536",
                "sha256:f192e6d3556714105c10486bbd6d045e38a0c04d9da3cef21e0a8dfd8e162df4",
                "sha256:f775b07026af2b1b0b5a8b05e41571cdcf3a315a67df265d60af301656a5425b",
                "sha256:f969ec7f56ba9636679e69ca07fba548312ccaca37412ee823c7f413541ad7e0",
                "sha256:f9dc52cd70907aafb99a773b66b156f2f995c7a0d284397c487c8b71ddbef2f9",
                "sha256:f9ee88bb52352588ceb811d045b5c9bb1dc38927bc150fd156244f60ff3f59f1",
                "sha256:fc7212e36ebeb81aebf7949c92897b622490d7c0e333a479c0395591e7994600"
            ],
            "version": "==1.0.7"
        },
        "click": {
            "hashes": [
                "sha256:d2b5255c7c6349bc1bd1e59e08cd12acbbd63ce649f2588755783aa94dfb6b1a",
                "sha256:dacca89f4bfadd5de3d7489b7c8a566eee0d3676333fbb50030263894c38c0dc"
            ],
            "version": "==7.1.2"
        },
        "dash": {
            "hashes": [
                "sha256:aa9bed7b7d85b9bdf4ac1669d206a86024098d1b2b3a88b0bce12012979939a5"
            ],
            "version": "==1.12.0"
        },
        "dash-core-components": {
            "hashes": [
                "sha256:30b90cf43da5ed1a8cd08bb23ee90fb9930b534856672906541cac014fed1baf"
            ],
            "version": "==1.10.0"
        },
        "dash-html-components": {
            "hashes": [
                "sha256:dafb54ae8ab601fffe50c74d72b32783dec2beea65fd1c7e7dd6a66e20e545ba"
            ],
            "version": "==1.0.3"
        },
        "dash-renderer": {
            "hashes": [
                "sha256:bbb23ba60014924225cb7385d73619843050c363d96486a3cb14ea6fca39d485"
            ],
            "version": "==1.4.1"
        },
        "dash-table": {
            "hashes": [
                "sha256:5512ef89d8106dd87dd9a5c604687f08bf6ae4c37a33e6aa472c2b7d25c6a755"
            ],
            "version": "==4.7.0"
        },
        "django": {
            "hashes": [
                "sha256:5052b34b34b3425233c682e0e11d658fd6efd587d11335a0203d827224ada8f2",
                "sha256:e1630333248c9b3d4e38f02093a26f1e07b271ca896d73097457996e0fae12e8"
            ],
            "index": "pypi",
            "version": "==3.0.7"
        },
        "django-crispy-forms": {
            "hashes": [
                "sha256:0afc0ba730f52a13c02bfbd0e1423af4577a337d73a8a0ef96f2cbbc5f345ffa",
                "sha256:2db711ce31f6f9ef42c16829cc3636e3819f97c1b22a3b706afed679bc417e88"
            ],
            "index": "pypi",
            "version": "==1.8.1"
        },
        "django-plotly-dash": {
            "hashes": [
                "sha256:785c925f807d4d1f6b2de116d6a160181b0897643e6749e8dbc60d2b61199f1c",
                "sha256:9391ebfe6bea7cc3eca129dac087c7c352ad12ce94a90b609bcb5713d9acbb6d"
            ],
            "index": "pypi",
            "version": "==1.1.5"
        },
        "dpd-components": {
            "hashes": [
                "sha256:613a6b17d3d7dd449be060e739e4ce36692b46fa012c3a86ee947f6337d09548"
            ],
            "version": "==0.1.0"
        },
        "flask": {
            "hashes": [
                "sha256:4efa1ae2d7c9865af48986de8aeb8504bf32c7f3d6fdc9353d34b21f4b127060",
                "sha256:8a4fdd8936eba2512e9c85df320a37e694c93945b33ef33c89946a340a238557"
            ],
            "version": "==1.1.2"
        },
        "flask-compress": {
            "hashes": [
                "sha256:f367b2b46003dd62be34f7fb1379938032656dca56377a9bc90e7188e4289a7c"
            ],
            "version": "==1.5.0"
        },
        "future": {
            "hashes": [
                "sha256:b1bead90b70cf6ec3f0710ae53a525360fa360d306a86583adc6bf83a4db537d"
            ],
            "version": "==0.18.2"
        },
        "itsdangerous": {
            "hashes": [
                "sha256:321b033d07f2a4136d3ec762eac9f16a10ccd60f53c0c91af90217ace7ba1f19",
                "sha256:b12271b2047cb23eeb98c8b5622e2e5c5e9abd9784a153e9d8ef9cb4dd09d749"
            ],
            "version": "==1.1.0"
        },
        "jinja2": {
            "hashes": [
                "sha256:89aab215427ef59c34ad58735269eb58b1a5808103067f7bb9d5836c651b3bb0",
                "sha256:f0a4641d3cf955324a89c04f3d94663aa4d638abe8f733ecd3582848e1c37035"
            ],
            "version": "==2.11.2"
        },
        "markupsafe": {
            "hashes": [
                "sha256:00bc623926325b26bb9605ae9eae8a215691f33cae5df11ca5424f06f2d1f473",
                "sha256:09027a7803a62ca78792ad89403b1b7a73a01c8cb65909cd876f7fcebd79b161",
                "sha256:09c4b7f37d6c648cb13f9230d847adf22f8171b1ccc4d5682398e77f40309235",
                "sha256:1027c282dad077d0bae18be6794e6b6b8c91d58ed8a8d89a89d59693b9131db5",
                "sha256:13d3144e1e340870b25e7b10b98d779608c02016d5184cfb9927a9f10c689f42",
                "sha256:24982cc2533820871eba85ba648cd53d8623687ff11cbb805be4ff7b4c971aff",
                "sha256:29872e92839765e546828bb7754a68c418d927cd064fd4708fab9fe9c8bb116b",
                "sha256:43a55c2930bbc139570ac2452adf3d70cdbb3cfe5912c71cdce1c2c6bbd9c5d1",
                "sha256:46c99d2de99945ec5cb54f23c8cd5689f6d7177305ebff350a58ce5f8de1669e",
                "sha256:500d4957e52ddc3351cabf489e79c91c17f6e0899158447047588650b5e69183",
                "sha256:535f6fc4d397c1563d08b88e485c3496cf5784e927af890fb3c3aac7f933ec66",
                "sha256:596510de112c685489095da617b5bcbbac7dd6384aeebeda4df6025d0256a81b",
                "sha256:62fe6c95e3ec8a7fad637b7f3d372c15ec1caa01ab47926cfdf7a75b40e0eac1",
                "sha256:6788b695d50a51edb699cb55e35487e430fa21f1ed838122d722e0ff0ac5ba15",
                "sha256:6dd73240d2af64df90aa7c4e7481e23825ea70af4b4922f8ede5b9e35f78a3b1",
                "sha256:717ba8fe3ae9cc0006d7c451f0bb265ee07739daf76355d06366154ee68d221e",
                "sha256:79855e1c5b8da654cf486b830bd42c06e8780cea587384cf6545b7d9ac013a0b",
                "sha256:7c1699dfe0cf8ff607dbdcc1e9b9af1755371f92a68f706051cc8c37d447c905",
                "sha256:88e5fcfb52ee7b911e8bb6d6aa2fd21fbecc674eadd44118a9cc3863f938e735",
                "sha256:8defac2f2ccd6805ebf65f5eeb132adcf2ab57aa11fdf4c0dd5169a004710e7d",
                "sha256:98c7086708b163d425c67c7a91bad6e466bb99d797aa64f965e9d25c12111a5e",
                "sha256:9add70b36c5666a2ed02b43b335fe19002ee5235efd4b8a89bfcf9005bebac0d",
                "sha256:9bf40443012702a1d2070043cb6291650a0841ece432556f784f004937f0f32c",
                "sha256:ade5e387d2ad0d7ebf59146cc00c8044acbd863725f887353a10df825fc8ae21",
                "sha256:b00c1de48212e4cc9603895652c5c410df699856a2853135b3967591e4beebc2",
                "sha256:b1282f8c00509d99fef04d8ba936b156d419be841854fe901d8ae224c59f0be5",
                "sha256:b2051432115498d3562c084a49bba65d97cf251f5a331c64a12ee7e04dacc51b",
                "sha256:ba59edeaa2fc6114428f1637ffff42da1e311e29382d81b339c1817d37ec93c6",
                "sha256:c8716a48d94b06bb3b2524c2b77e055fb313aeb4ea620c8dd03a105574ba704f",
                "sha256:cd5df75523866410809ca100dc9681e301e3c27567cf498077e8551b6d20e42f",
                "sha256:cdb132fc825c38e1aeec2c8aa9338310d29d337bebbd7baa06889d09a60a1fa2",
                "sha256:e249096428b3ae81b08327a63a485ad0878de3fb939049038579ac0ef61e17e7",
                "sha256:e8313f01ba26fbbe36c7be1966a7b7424942f670f38e666995b88d012765b9be"
            ],
            "version": "==1.1.1"
        },
        "numpy": {
            "hashes": [
                "sha256:1786a08236f2c92ae0e70423c45e1e62788ed33028f94ca99c4df03f5be6b3c6",
                "sha256:17aa7a81fe7599a10f2b7d95856dc5cf84a4eefa45bc96123cbbc3ebc568994e",
                "sha256:20b26aaa5b3da029942cdcce719b363dbe58696ad182aff0e5dcb1687ec946dc",
                "sha256:2d75908ab3ced4223ccba595b48e538afa5ecc37405923d1fea6906d7c3a50bc",
                "sha256:39d2c685af15d3ce682c99ce5925cc66efc824652e10990d2462dfe9b8918c6a",
                "sha256:56bc8ded6fcd9adea90f65377438f9fea8c05fcf7c5ba766bef258d0da1554aa",
                "sha256:590355aeade1a2eaba17617c19edccb7db8d78760175256e3cf94590a1a964f3",
                "sha256:70a840a26f4e61defa7bdf811d7498a284ced303dfbc35acb7be12a39b2aa121",
                "sha256:77c3bfe65d8560487052ad55c6998a04b654c2fbc36d546aef2b2e511e760971",
                "sha256:9537eecf179f566fd1c160a2e912ca0b8e02d773af0a7a1120ad4f7507cd0d26",
                "sha256:9acdf933c1fd263c513a2df3dceecea6f3ff4419d80bf238510976bf9bcb26cd",
                "sha256:ae0975f42ab1f28364dcda3dde3cf6c1ddab3e1d4b2909da0cb0191fa9ca0480",
                "sha256:b3af02ecc999c8003e538e60c89a2b37646b39b688d4e44d7373e11c2debabec",
                "sha256:b6ff59cee96b454516e47e7721098e6ceebef435e3e21ac2d6c3b8b02628eb77",
                "sha256:b765ed3930b92812aa698a455847141869ef755a87e099fddd4ccf9d81fffb57",
                "sha256:c98c5ffd7d41611407a1103ae11c8b634ad6a43606eca3e2a5a269e5d6e8eb07",
                "sha256:cf7eb6b1025d3e169989416b1adcd676624c2dbed9e3bcb7137f51bfc8cc2572",
                "sha256:d92350c22b150c1cae7ebb0ee8b5670cc84848f6359cf6b5d8f86617098a9b73",
                "sha256:e422c3152921cece8b6a2fb6b0b4d73b6579bd20ae075e7d15143e711f3ca2ca",
                "sha256:e840f552a509e3380b0f0ec977e8124d0dc34dc0e68289ca28f4d7c1d0d79474",
                "sha256:f3d0a94ad151870978fb93538e95411c83899c9dc63e6fb65542f769568ecfa5"
            ],
            "index": "pypi",
            "version": "==1.18.1"
        },
        "packaging": {
            "hashes": [
                "sha256:4357f74f47b9c12db93624a82154e9b120fa8293699949152b22065d556079f8",
                "sha256:998416ba6962ae7fbd6596850b80e17859a5753ba17c32284f67bfff33784181"
            ],
            "version": "==20.4"
        },
        "pandas": {
            "hashes": [
                "sha256:23e177d43e4bf68950b0f8788b6a2fef2f478f4ec94883acb627b9264522a98a",
                "sha256:2530aea4fe46e8df7829c3f05e0a0f821c893885d53cb8ac9b89cc67c143448c",
                "sha256:303827f0bb40ff610fbada5b12d50014811efcc37aaf6ef03202dc3054bfdda1",
                "sha256:3b019e3ea9f5d0cfee0efabae2cfd3976874e90bcc3e97b29600e5a9b345ae3d",
                "sha256:3c07765308f091d81b6735d4f2242bb43c332cc3461cae60543df6b10967fe27",
                "sha256:5036d4009012a44aa3e50173e482b664c1fae36decd277c49e453463798eca4e",
                "sha256:6f38969e2325056f9959efbe06c27aa2e94dd35382265ad0703681d993036052",
                "sha256:74a470d349d52b9d00a2ba192ae1ee22155bb0a300fd1ccb2961006c3fa98ed3",
                "sha256:7d77034e402165b947f43050a8a415aa3205abfed38d127ea66e57a2b7b5a9e0",
                "sha256:7f9a509f6f11fa8b9313002ebdf6f690a7aa1dd91efd95d90185371a0d68220e",
                "sha256:942b5d04762feb0e55b2ad97ce2b254a0ffdd344b56493b04a627266e24f2d82",
                "sha256:a9fbe41663416bb70ed05f4e16c5f377519c0dc292ba9aa45f5356e37df03a38",
                "sha256:d10e83866b48c0cdb83281f786564e2a2b51a7ae7b8a950c3442ad3c9e36b48c",
                "sha256:e2140e1bbf9c46db9936ee70f4be6584d15ff8dc3dfff1da022d71227d53bad3"
            ],
            "index": "pypi",
            "version": "==1.0.1"
        },
        "pillow": {
            "hashes": [
                "sha256:04766c4930c174b46fd72d450674612ab44cca977ebbcc2dde722c6933290107",
                "sha256:0e2a3bceb0fd4e0cb17192ae506d5f082b309ffe5fc370a5667959c9b2f85fa3",
                "sha256:0f01e63c34f0e1e2580cc0b24e86a5ccbbfa8830909a52ee17624c4193224cd9",
                "sha256:12e4bad6bddd8546a2f9771485c7e3d2b546b458ae8ff79621214119ac244523",
                "sha256:1f694e28c169655c50bb89a3fa07f3b854d71eb47f50783621de813979ba87f3",
                "sha256:3d25dd8d688f7318dca6d8cd4f962a360ee40346c15893ae3b95c061cdbc4079",
                "sha256:4b02b9c27fad2054932e89f39703646d0c543f21d3cc5b8e05434215121c28cd",
                "sha256:9744350687459234867cbebfe9df8f35ef9e1538f3e729adbd8fde0761adb705",
                "sha256:a0b49960110bc6ff5fead46013bcb8825d101026d466f3a4de3476defe0fb0dd",
                "sha256:ae2b270f9a0b8822b98655cb3a59cdb1bd54a34807c6c56b76dd2e786c3b7db3",
                "sha256:b37bb3bd35edf53125b0ff257822afa6962649995cbdfde2791ddb62b239f891",
                "sha256:b532bcc2f008e96fd9241177ec580829dee817b090532f43e54074ecffdcd97f",
                "sha256:b67a6c47ed963c709ed24566daa3f95a18f07d3831334da570c71da53d97d088",
                "sha256:b943e71c2065ade6fef223358e56c167fc6ce31c50bc7a02dd5c17ee4338e8ac",
                "sha256:ccc9ad2460eb5bee5642eaf75a0438d7f8887d484490d5117b98edd7f33118b7",
                "sha256:d23e2aa9b969cf9c26edfb4b56307792b8b374202810bd949effd1c6e11ebd6d",
                "sha256:eaa83729eab9c60884f362ada982d3a06beaa6cc8b084cf9f76cae7739481dfa",
                "sha256:ee94fce8d003ac9fd206496f2707efe9eadcb278d94c271f129ab36aa7181344",
                "sha256:f455efb7a98557412dc6f8e463c1faf1f1911ec2432059fa3e582b6000fc90e2",
                "sha256:f46e0e024346e1474083c729d50de909974237c72daca05393ee32389dabe457",
                "sha256:f54be399340aa602066adb63a86a6a5d4f395adfdd9da2b9a0162ea808c7b276",
                "sha256:f784aad988f12c80aacfa5b381ec21fd3f38f851720f652b9f33facc5101cf4d"
            ],
            "version": "==7.1.2"
        },
        "plotly": {
            "hashes": [
                "sha256:0c7950c6396b060dd66110f286e21a3485d0912aea22b73b8faf358484fb81e9",
                "sha256:d3fea527fe3dfdd55d7334318f107b05a8407474a0fffe6cd4726c9b99e624f1"
            ],
            "version": "==4.8.1"
        },
        "pyparsing": {
            "hashes": [
                "sha256:c203ec8783bf771a155b207279b9bccb8dea02d8f0c9e5f8ead507bc3246ecc1",
                "sha256:ef9d7589ef3c200abe66653d3f1ab1033c3c419ae9b9bdb1240a85b024efc88b"
            ],
            "version": "==2.4.7"
        },
        "python-dateutil": {
            "hashes": [
                "sha256:73ebfe9dbf22e832286dafa60473e4cd239f8592f699aa5adaf10050e6e1823c",
                "sha256:75bb3f31ea686f1197762692a9ee6a7550b59fc6ca3a1f4b5d7e32fb98e2da2a"
            ],
            "version": "==2.8.1"
        },
        "pytz": {
            "hashes": [
                "sha256:a494d53b6d39c3c6e44c3bec237336e14305e4f29bbf800b599253057fbb79ed",
                "sha256:c35965d010ce31b23eeb663ed3cc8c906275d6be1a34393a1d73a41febf4a048"
            ],
            "version": "==2020.1"
        },
        "pyyaml": {
            "hashes": [
                "sha256:06a0d7ba600ce0b2d2fe2e78453a470b5a6e000a985dd4a4e54e436cc36b0e97",
                "sha256:240097ff019d7c70a4922b6869d8a86407758333f02203e0fc6ff79c5dcede76",
                "sha256:4f4b913ca1a7319b33cfb1369e91e50354d6f07a135f3b901aca02aa95940bd2",
                "sha256:69f00dca373f240f842b2931fb2c7e14ddbacd1397d57157a9b005a6a9942648",
                "sha256:73f099454b799e05e5ab51423c7bcf361c58d3206fa7b0d555426b1f4d9a3eaf",
                "sha256:74809a57b329d6cc0fdccee6318f44b9b8649961fa73144a98735b0aaf029f1f",
                "sha256:7739fc0fa8205b3ee8808aea45e968bc90082c10aef6ea95e855e10abf4a37b2",
                "sha256:95f71d2af0ff4227885f7a6605c37fd53d3a106fcab511b8860ecca9fcf400ee",
                "sha256:b8eac752c5e14d3eca0e6dd9199cd627518cb5ec06add0de9d32baeee6fe645d",
                "sha256:cc8955cfbfc7a115fa81d85284ee61147059a753344bc51098f3ccd69b0d7e0c",
                "sha256:d13155f591e6fcc1ec3b30685d50bf0711574e2c0dfffd7644babf8b5102ca1a"
            ],
            "version": "==5.3.1"
        },
        "retrying": {
            "hashes": [
                "sha256:08c039560a6da2fe4f2c426d0766e284d3b736e355f8dd24b37367b0bb41973b"
            ],
            "version": "==1.3.3"
        },
        "six": {
            "hashes": [
                "sha256:30639c035cdb23534cd4aa2dd52c3bf48f06e5f4a941509c8bafd8ce11080259",
                "sha256:8b74bedcbbbaca38ff6d7491d76f2b06b3592611af620f8426e82dddb04a5ced"
            ],
            "version": "==1.15.0"
        },
        "sqlparse": {
            "hashes": [
                "sha256:022fb9c87b524d1f7862b3037e541f68597a730a8843245c349fc93e1643dc4e",
                "sha256:e162203737712307dfe78860cc56c8da8a852ab2ee33750e33aeadf38d12c548"
            ],
            "version": "==0.3.1"
        },
        "tornado": {
            "hashes": [
                "sha256:0fe2d45ba43b00a41cd73f8be321a44936dc1aba233dee979f17a042b83eb6dc",
                "sha256:22aed82c2ea340c3771e3babc5ef220272f6fd06b5108a53b4976d0d722bcd52",
                "sha256:2c027eb2a393d964b22b5c154d1a23a5f8727db6fda837118a776b29e2b8ebc6",
                "sha256:5217e601700f24e966ddab689f90b7ea4bd91ff3357c3600fa1045e26d68e55d",
                "sha256:5618f72e947533832cbc3dec54e1dffc1747a5cb17d1fd91577ed14fa0dc081b",
                "sha256:5f6a07e62e799be5d2330e68d808c8ac41d4a259b9cea61da4101b83cb5dc673",
                "sha256:c58d56003daf1b616336781b26d184023ea4af13ae143d9dda65e31e534940b9",
                "sha256:c952975c8ba74f546ae6de2e226ab3cc3cc11ae47baf607459a6728585bb542a",
                "sha256:c98232a3ac391f5faea6821b53db8db461157baa788f5d6222a193e9456e1740"
            ],
            "version": "==6.0.4"
        },
        "werkzeug": {
            "hashes": [
                "sha256:2de2a5db0baeae7b2d2664949077c2ac63fbd16d98da0ff71837f7d1dea3fd43",
                "sha256:6c80b1e5ad3665290ea39320b91e1be1e0d5f60652b964a3070216de83d2e47c"
            ],
            "version": "==1.0.1"
        }
    },
    "develop": {}
}
